{
    "name": "example",
    "lockfileVersion": 3,
    "requires": true,
    "packages": {
        "": {
            "dependencies": {
                "@substrate-system/css-util": "../"
            }
        },
        "..": {
            "version": "0.0.3",
            "license": "MIT",
            "devDependencies": {
                "auto-changelog": "^2.4.0",
                "cssnano": "^7.0.3",
                "markdown-toc": "^1.2.0",
                "postcss": "^8.4.38",
                "postcss-cli": "^11.0.0",
                "postcss-nesting": "^13.0.0",
                "stylelint": "^16.7.0",
                "stylelint-config-standard": "^36.0.1",
                "vite": "^5.3.4"
            }
        },
        "node_modules/@substrate-system/css-util": {
            "resolved": "..",
            "link": true
        }
    }
}
